
Microsoft Visual Studio Solution File, Format Version 12.00
# Visual Studio Version 17
VisualStudioVersion = 17.0.32014.148
MinimumVisualStudioVersion = 10.0.40219.1
Project("{FAE04EC0-301F-11D3-BF4B-00C04F79EFBC}") = "BeatToSnareConverter.Application", "BeatToSnareConverter.Application\BeatToSnareConverter.Application.csproj", "{3F7F575C-5909-403D-AAE7-C075605706DC}"
EndProject
Project("{FAE04EC0-301F-11D3-BF4B-00C04F79EFBC}") = "BeatToSnareConverter.Application.Tests", "BeatToSnareConverter.Application.Tests\BeatToSnareConverter.Application.Tests.csproj", "{1112A039-46FF-454E-9B2B-506AFF74F7B4}"
EndProject
Global
	GlobalSection(SolutionConfigurationPlatforms) = preSolution
		Debug|Any CPU = Debug|Any CPU
		Release|Any CPU = Release|Any CPU
	EndGlobalSection
	GlobalSection(ProjectConfigurationPlatforms) = postSolution
		{3F7F575C-5909-403D-AAE7-C075605706DC}.Debug|Any CPU.ActiveCfg = Debug|Any CPU
		{3F7F575C-5909-403D-AAE7-C075605706DC}.Debug|Any CPU.Build.0 = Debug|Any CPU
		{3F7F575C-5909-403D-AAE7-C075605706DC}.Release|Any CPU.ActiveCfg = Release|Any CPU
		{3F7F575C-5909-403D-AAE7-C075605706DC}.Release|Any CPU.Build.0 = Release|Any CPU
		{1112A039-46FF-454E-9B2B-506AFF74F7B4}.Debug|Any CPU.ActiveCfg = Debug|Any CPU
		{1112A039-46FF-454E-9B2B-506AFF74F7B4}.Debug|Any CPU.Build.0 = Debug|Any CPU
		{1112A039-46FF-454E-9B2B-506AFF74F7B4}.Release|Any CPU.ActiveCfg = Release|Any CPU
		{1112A039-46FF-454E-9B2B-506AFF74F7B4}.Release|Any CPU.Build.0 = Release|Any CPU
	EndGlobalSection
	GlobalSection(SolutionProperties) = preSolution
		HideSolutionNode = FALSE
	EndGlobalSection
	GlobalSection(ExtensibilityGlobals) = postSolution
		SolutionGuid = {30DA4AAC-425C-4275-8B52-337B286D91FB}
	EndGlobalSection
EndGlobal
